
Microsoft Visual Studio Solution File, Format Version 10.00
# Visual Studio 2008
Project("{8BC9CEB8-8B4A-11D0-8D11-00A0C91BC942}") = "SADADPay", "SADADPay\SADADPay.vcproj", "{80E8B1FB-E470-4B91-A844-816D94AFE459}"
EndProject
Global
	GlobalSection(SolutionConfigurationPlatforms) = preSolution
		Debug_CT360|PAY600 (ARMV4I) = Debug_CT360|PAY600 (ARMV4I)
		Debug_MT360|PAY600 (ARMV4I) = Debug_MT360|PAY600 (ARMV4I)
		Debug_MT760|PAY600 (ARMV4I) = Debug_MT760|PAY600 (ARMV4I)
		Release_CT360|PAY600 (ARMV4I) = Release_CT360|PAY600 (ARMV4I)
		Release_MT360|PAY600 (ARMV4I) = Release_MT360|PAY600 (ARMV4I)
		Release_MT760|PAY600 (ARMV4I) = Release_MT760|PAY600 (ARMV4I)
	EndGlobalSection
	GlobalSection(ProjectConfigurationPlatforms) = postSolution
		{80E8B1FB-E470-4B91-A844-816D94AFE459}.Debug_CT360|PAY600 (ARMV4I).ActiveCfg = Debug_CT360|PAY600 (ARMV4I)
		{80E8B1FB-E470-4B91-A844-816D94AFE459}.Debug_CT360|PAY600 (ARMV4I).Build.0 = Debug_CT360|PAY600 (ARMV4I)
		{80E8B1FB-E470-4B91-A844-816D94AFE459}.Debug_CT360|PAY600 (ARMV4I).Deploy.0 = Debug_CT360|PAY600 (ARMV4I)
		{80E8B1FB-E470-4B91-A844-816D94AFE459}.Debug_MT360|PAY600 (ARMV4I).ActiveCfg = Debug_MT360|PAY600 (ARMV4I)
		{80E8B1FB-E470-4B91-A844-816D94AFE459}.Debug_MT360|PAY600 (ARMV4I).Build.0 = Debug_MT360|PAY600 (ARMV4I)
		{80E8B1FB-E470-4B91-A844-816D94AFE459}.Debug_MT360|PAY600 (ARMV4I).Deploy.0 = Debug_MT360|PAY600 (ARMV4I)
		{80E8B1FB-E470-4B91-A844-816D94AFE459}.Debug_MT760|PAY600 (ARMV4I).ActiveCfg = Debug_MT760|PAY600 (ARMV4I)
		{80E8B1FB-E470-4B91-A844-816D94AFE459}.Debug_MT760|PAY600 (ARMV4I).Build.0 = Debug_MT760|PAY600 (ARMV4I)
		{80E8B1FB-E470-4B91-A844-816D94AFE459}.Debug_MT760|PAY600 (ARMV4I).Deploy.0 = Debug_MT760|PAY600 (ARMV4I)
		{80E8B1FB-E470-4B91-A844-816D94AFE459}.Release_CT360|PAY600 (ARMV4I).ActiveCfg = Release_CT360|PAY600 (ARMV4I)
		{80E8B1FB-E470-4B91-A844-816D94AFE459}.Release_CT360|PAY600 (ARMV4I).Build.0 = Release_CT360|PAY600 (ARMV4I)
		{80E8B1FB-E470-4B91-A844-816D94AFE459}.Release_CT360|PAY600 (ARMV4I).Deploy.0 = Release_CT360|PAY600 (ARMV4I)
		{80E8B1FB-E470-4B91-A844-816D94AFE459}.Release_MT360|PAY600 (ARMV4I).ActiveCfg = Release_MT360|PAY600 (ARMV4I)
		{80E8B1FB-E470-4B91-A844-816D94AFE459}.Release_MT360|PAY600 (ARMV4I).Build.0 = Release_MT360|PAY600 (ARMV4I)
		{80E8B1FB-E470-4B91-A844-816D94AFE459}.Release_MT360|PAY600 (ARMV4I).Deploy.0 = Release_MT360|PAY600 (ARMV4I)
		{80E8B1FB-E470-4B91-A844-816D94AFE459}.Release_MT760|PAY600 (ARMV4I).ActiveCfg = Release_MT760|PAY600 (ARMV4I)
		{80E8B1FB-E470-4B91-A844-816D94AFE459}.Release_MT760|PAY600 (ARMV4I).Build.0 = Release_MT760|PAY600 (ARMV4I)
		{80E8B1FB-E470-4B91-A844-816D94AFE459}.Release_MT760|PAY600 (ARMV4I).Deploy.0 = Release_MT760|PAY600 (ARMV4I)
	EndGlobalSection
	GlobalSection(SolutionProperties) = preSolution
		HideSolutionNode = FALSE
	EndGlobalSection
EndGlobal
